
Microsoft Visual Studio Solution File, Format Version 12.00
# Visual Studio Version 16
VisualStudioVersion = 16.0.28922.388
MinimumVisualStudioVersion = 10.0.40219.1
Project("{FAE04EC0-301F-11D3-BF4B-00C04F79EFBC}") = "ISUF.Base", "src\ISUF.Base\ISUF.Base.csproj", "{FD100127-1C0C-4B0F-B40B-96C3AA646009}"
EndProject
Project("{FAE04EC0-301F-11D3-BF4B-00C04F79EFBC}") = "ISUF.Storage", "src\ISUF.Storage\ISUF.Storage.csproj", "{E570C06C-7F7B-4D13-B235-F7AD1189AAA6}"
EndProject
Project("{FAE04EC0-301F-11D3-BF4B-00C04F79EFBC}") = "ISUF.UI", "src\ISUF.UI\ISUF.UI.csproj", "{1F802733-F96C-4563-8511-CE62BB2FDEFE}"
EndProject
Project("{FAE04EC0-301F-11D3-BF4B-00C04F79EFBC}") = "ISUF.Win10", "src\ISUF.Win10\ISUF.Win10.csproj", "{DFA1A97F-3C51-461A-9CC4-6AEA6B9836B4}"
EndProject
Project("{2150E333-8FDC-42A3-9474-1A3956D46DE8}") = "Solution Items", "Solution Items", "{CEFED1A6-E9B0-446B-97A5-D194F6A4BB8A}"
	ProjectSection(SolutionItems) = preProject
		Readme.md = Readme.md
	EndProjectSection
EndProject
Project("{2150E333-8FDC-42A3-9474-1A3956D46DE8}") = "Phases", "Phases", "{BE9D3A19-D996-4217-A76C-7EE9491A54B4}"
	ProjectSection(SolutionItems) = preProject
		Phases\Phase1.md = Phases\Phase1.md
		Phases\Phase2.md = Phases\Phase2.md
		Phase3.md = Phase3.md
	EndProjectSection
EndProject
Project("{FAE04EC0-301F-11D3-BF4B-00C04F79EFBC}") = "ISUF.Security", "src\ISUF.Security\ISUF.Security.csproj", "{D14D9A17-6376-4D1C-AB9E-8BD5CB0686D8}"
EndProject
Project("{FAE04EC0-301F-11D3-BF4B-00C04F79EFBC}") = "ISUF.Interface", "src\ISUF.Interface\ISUF.Interface.csproj", "{C4BD9107-B2E0-4A47-ACCC-2399E1CF3DD4}"
EndProject
Project("{FAE04EC0-301F-11D3-BF4B-00C04F79EFBC}") = "ISUF.Tests", "src\ISUF.Tests\ISUF.Tests.csproj", "{B46DB974-7CA2-491A-8E87-C4B2AAB67878}"
EndProject
Global
	GlobalSection(SolutionConfigurationPlatforms) = preSolution
		Debug|Any CPU = Debug|Any CPU
		Debug|ARM = Debug|ARM
		Debug|ARM64 = Debug|ARM64
		Debug|x64 = Debug|x64
		Debug|x86 = Debug|x86
		Release|Any CPU = Release|Any CPU
		Release|ARM = Release|ARM
		Release|ARM64 = Release|ARM64
		Release|x64 = Release|x64
		Release|x86 = Release|x86
	EndGlobalSection
	GlobalSection(ProjectConfigurationPlatforms) = postSolution
		{FD100127-1C0C-4B0F-B40B-96C3AA646009}.Debug|Any CPU.ActiveCfg = Debug|Any CPU
		{FD100127-1C0C-4B0F-B40B-96C3AA646009}.Debug|Any CPU.Build.0 = Debug|Any CPU
		{FD100127-1C0C-4B0F-B40B-96C3AA646009}.Debug|ARM.ActiveCfg = Debug|ARM
		{FD100127-1C0C-4B0F-B40B-96C3AA646009}.Debug|ARM.Build.0 = Debug|ARM
		{FD100127-1C0C-4B0F-B40B-96C3AA646009}.Debug|ARM64.ActiveCfg = Debug|Any CPU
		{FD100127-1C0C-4B0F-B40B-96C3AA646009}.Debug|ARM64.Build.0 = Debug|Any CPU
		{FD100127-1C0C-4B0F-B40B-96C3AA646009}.Debug|x64.ActiveCfg = Debug|x64
		{FD100127-1C0C-4B0F-B40B-96C3AA646009}.Debug|x64.Build.0 = Debug|x64
		{FD100127-1C0C-4B0F-B40B-96C3AA646009}.Debug|x86.ActiveCfg = Debug|x86
		{FD100127-1C0C-4B0F-B40B-96C3AA646009}.Debug|x86.Build.0 = Debug|x86
		{FD100127-1C0C-4B0F-B40B-96C3AA646009}.Release|Any CPU.ActiveCfg = Release|Any CPU
		{FD100127-1C0C-4B0F-B40B-96C3AA646009}.Release|Any CPU.Build.0 = Release|Any CPU
		{FD100127-1C0C-4B0F-B40B-96C3AA646009}.Release|ARM.ActiveCfg = Release|ARM
		{FD100127-1C0C-4B0F-B40B-96C3AA646009}.Release|ARM.Build.0 = Release|ARM
		{FD100127-1C0C-4B0F-B40B-96C3AA646009}.Release|ARM64.ActiveCfg = Release|Any CPU
		{FD100127-1C0C-4B0F-B40B-96C3AA646009}.Release|ARM64.Build.0 = Release|Any CPU
		{FD100127-1C0C-4B0F-B40B-96C3AA646009}.Release|x64.ActiveCfg = Release|x64
		{FD100127-1C0C-4B0F-B40B-96C3AA646009}.Release|x64.Build.0 = Release|x64
		{FD100127-1C0C-4B0F-B40B-96C3AA646009}.Release|x86.ActiveCfg = Release|x86
		{FD100127-1C0C-4B0F-B40B-96C3AA646009}.Release|x86.Build.0 = Release|x86
		{E570C06C-7F7B-4D13-B235-F7AD1189AAA6}.Debug|Any CPU.ActiveCfg = Debug|Any CPU
		{E570C06C-7F7B-4D13-B235-F7AD1189AAA6}.Debug|Any CPU.Build.0 = Debug|Any CPU
		{E570C06C-7F7B-4D13-B235-F7AD1189AAA6}.Debug|ARM.ActiveCfg = Debug|ARM
		{E570C06C-7F7B-4D13-B235-F7AD1189AAA6}.Debug|ARM.Build.0 = Debug|ARM
		{E570C06C-7F7B-4D13-B235-F7AD1189AAA6}.Debug|ARM64.ActiveCfg = Debug|Any CPU
		{E570C06C-7F7B-4D13-B235-F7AD1189AAA6}.Debug|ARM64.Build.0 = Debug|Any CPU
		{E570C06C-7F7B-4D13-B235-F7AD1189AAA6}.Debug|x64.ActiveCfg = Debug|x64
		{E570C06C-7F7B-4D13-B235-F7AD1189AAA6}.Debug|x64.Build.0 = Debug|x64
		{E570C06C-7F7B-4D13-B235-F7AD1189AAA6}.Debug|x86.ActiveCfg = Debug|x86
		{E570C06C-7F7B-4D13-B235-F7AD1189AAA6}.Debug|x86.Build.0 = Debug|x86
		{E570C06C-7F7B-4D13-B235-F7AD1189AAA6}.Release|Any CPU.ActiveCfg = Release|Any CPU
		{E570C06C-7F7B-4D13-B235-F7AD1189AAA6}.Release|Any CPU.Build.0 = Release|Any CPU
		{E570C06C-7F7B-4D13-B235-F7AD1189AAA6}.Release|ARM.ActiveCfg = Release|ARM
		{E570C06C-7F7B-4D13-B235-F7AD1189AAA6}.Release|ARM.Build.0 = Release|ARM
		{E570C06C-7F7B-4D13-B235-F7AD1189AAA6}.Release|ARM64.ActiveCfg = Release|Any CPU
		{E570C06C-7F7B-4D13-B235-F7AD1189AAA6}.Release|ARM64.Build.0 = Release|Any CPU
		{E570C06C-7F7B-4D13-B235-F7AD1189AAA6}.Release|x64.ActiveCfg = Release|x64
		{E570C06C-7F7B-4D13-B235-F7AD1189AAA6}.Release|x64.Build.0 = Release|x64
		{E570C06C-7F7B-4D13-B235-F7AD1189AAA6}.Release|x86.ActiveCfg = Release|x86
		{E570C06C-7F7B-4D13-B235-F7AD1189AAA6}.Release|x86.Build.0 = Release|x86
		{1F802733-F96C-4563-8511-CE62BB2FDEFE}.Debug|Any CPU.ActiveCfg = Debug|Any CPU
		{1F802733-F96C-4563-8511-CE62BB2FDEFE}.Debug|Any CPU.Build.0 = Debug|Any CPU
		{1F802733-F96C-4563-8511-CE62BB2FDEFE}.Debug|ARM.ActiveCfg = Debug|ARM
		{1F802733-F96C-4563-8511-CE62BB2FDEFE}.Debug|ARM.Build.0 = Debug|ARM
		{1F802733-F96C-4563-8511-CE62BB2FDEFE}.Debug|ARM64.ActiveCfg = Debug|Any CPU
		{1F802733-F96C-4563-8511-CE62BB2FDEFE}.Debug|ARM64.Build.0 = Debug|Any CPU
		{1F802733-F96C-4563-8511-CE62BB2FDEFE}.Debug|x64.ActiveCfg = Debug|x64
		{1F802733-F96C-4563-8511-CE62BB2FDEFE}.Debug|x64.Build.0 = Debug|x64
		{1F802733-F96C-4563-8511-CE62BB2FDEFE}.Debug|x86.ActiveCfg = Debug|x86
		{1F802733-F96C-4563-8511-CE62BB2FDEFE}.Debug|x86.Build.0 = Debug|x86
		{1F802733-F96C-4563-8511-CE62BB2FDEFE}.Release|Any CPU.ActiveCfg = Release|Any CPU
		{1F802733-F96C-4563-8511-CE62BB2FDEFE}.Release|Any CPU.Build.0 = Release|Any CPU
		{1F802733-F96C-4563-8511-CE62BB2FDEFE}.Release|ARM.ActiveCfg = Release|ARM
		{1F802733-F96C-4563-8511-CE62BB2FDEFE}.Release|ARM.Build.0 = Release|ARM
		{1F802733-F96C-4563-8511-CE62BB2FDEFE}.Release|ARM64.ActiveCfg = Release|Any CPU
		{1F802733-F96C-4563-8511-CE62BB2FDEFE}.Release|ARM64.Build.0 = Release|Any CPU
		{1F802733-F96C-4563-8511-CE62BB2FDEFE}.Release|x64.ActiveCfg = Release|x64
		{1F802733-F96C-4563-8511-CE62BB2FDEFE}.Release|x64.Build.0 = Release|x64
		{1F802733-F96C-4563-8511-CE62BB2FDEFE}.Release|x86.ActiveCfg = Release|x86
		{1F802733-F96C-4563-8511-CE62BB2FDEFE}.Release|x86.Build.0 = Release|x86
		{DFA1A97F-3C51-461A-9CC4-6AEA6B9836B4}.Debug|Any CPU.ActiveCfg = Debug|Any CPU
		{DFA1A97F-3C51-461A-9CC4-6AEA6B9836B4}.Debug|Any CPU.Build.0 = Debug|Any CPU
		{DFA1A97F-3C51-461A-9CC4-6AEA6B9836B4}.Debug|ARM.ActiveCfg = Debug|ARM
		{DFA1A97F-3C51-461A-9CC4-6AEA6B9836B4}.Debug|ARM.Build.0 = Debug|ARM
		{DFA1A97F-3C51-461A-9CC4-6AEA6B9836B4}.Debug|ARM64.ActiveCfg = Debug|Any CPU
		{DFA1A97F-3C51-461A-9CC4-6AEA6B9836B4}.Debug|ARM64.Build.0 = Debug|Any CPU
		{DFA1A97F-3C51-461A-9CC4-6AEA6B9836B4}.Debug|x64.ActiveCfg = Debug|x64
		{DFA1A97F-3C51-461A-9CC4-6AEA6B9836B4}.Debug|x64.Build.0 = Debug|x64
		{DFA1A97F-3C51-461A-9CC4-6AEA6B9836B4}.Debug|x86.ActiveCfg = Debug|x86
		{DFA1A97F-3C51-461A-9CC4-6AEA6B9836B4}.Debug|x86.Build.0 = Debug|x86
		{DFA1A97F-3C51-461A-9CC4-6AEA6B9836B4}.Release|Any CPU.ActiveCfg = Release|Any CPU
		{DFA1A97F-3C51-461A-9CC4-6AEA6B9836B4}.Release|Any CPU.Build.0 = Release|Any CPU
		{DFA1A97F-3C51-461A-9CC4-6AEA6B9836B4}.Release|ARM.ActiveCfg = Release|ARM
		{DFA1A97F-3C51-461A-9CC4-6AEA6B9836B4}.Release|ARM.Build.0 = Release|ARM
		{DFA1A97F-3C51-461A-9CC4-6AEA6B9836B4}.Release|ARM64.ActiveCfg = Release|Any CPU
		{DFA1A97F-3C51-461A-9CC4-6AEA6B9836B4}.Release|ARM64.Build.0 = Release|Any CPU
		{DFA1A97F-3C51-461A-9CC4-6AEA6B9836B4}.Release|x64.ActiveCfg = Release|x64
		{DFA1A97F-3C51-461A-9CC4-6AEA6B9836B4}.Release|x64.Build.0 = Release|x64
		{DFA1A97F-3C51-461A-9CC4-6AEA6B9836B4}.Release|x86.ActiveCfg = Release|x86
		{DFA1A97F-3C51-461A-9CC4-6AEA6B9836B4}.Release|x86.Build.0 = Release|x86
		{D14D9A17-6376-4D1C-AB9E-8BD5CB0686D8}.Debug|Any CPU.ActiveCfg = Debug|Any CPU
		{D14D9A17-6376-4D1C-AB9E-8BD5CB0686D8}.Debug|Any CPU.Build.0 = Debug|Any CPU
		{D14D9A17-6376-4D1C-AB9E-8BD5CB0686D8}.Debug|ARM.ActiveCfg = Debug|ARM
		{D14D9A17-6376-4D1C-AB9E-8BD5CB0686D8}.Debug|ARM.Build.0 = Debug|ARM
		{D14D9A17-6376-4D1C-AB9E-8BD5CB0686D8}.Debug|ARM64.ActiveCfg = Debug|ARM64
		{D14D9A17-6376-4D1C-AB9E-8BD5CB0686D8}.Debug|ARM64.Build.0 = Debug|ARM64
		{D14D9A17-6376-4D1C-AB9E-8BD5CB0686D8}.Debug|x64.ActiveCfg = Debug|x64
		{D14D9A17-6376-4D1C-AB9E-8BD5CB0686D8}.Debug|x64.Build.0 = Debug|x64
		{D14D9A17-6376-4D1C-AB9E-8BD5CB0686D8}.Debug|x86.ActiveCfg = Debug|x86
		{D14D9A17-6376-4D1C-AB9E-8BD5CB0686D8}.Debug|x86.Build.0 = Debug|x86
		{D14D9A17-6376-4D1C-AB9E-8BD5CB0686D8}.Release|Any CPU.ActiveCfg = Release|Any CPU
		{D14D9A17-6376-4D1C-AB9E-8BD5CB0686D8}.Release|Any CPU.Build.0 = Release|Any CPU
		{D14D9A17-6376-4D1C-AB9E-8BD5CB0686D8}.Release|ARM.ActiveCfg = Release|ARM
		{D14D9A17-6376-4D1C-AB9E-8BD5CB0686D8}.Release|ARM.Build.0 = Release|ARM
		{D14D9A17-6376-4D1C-AB9E-8BD5CB0686D8}.Release|ARM64.ActiveCfg = Release|ARM64
		{D14D9A17-6376-4D1C-AB9E-8BD5CB0686D8}.Release|ARM64.Build.0 = Release|ARM64
		{D14D9A17-6376-4D1C-AB9E-8BD5CB0686D8}.Release|x64.ActiveCfg = Release|x64
		{D14D9A17-6376-4D1C-AB9E-8BD5CB0686D8}.Release|x64.Build.0 = Release|x64
		{D14D9A17-6376-4D1C-AB9E-8BD5CB0686D8}.Release|x86.ActiveCfg = Release|x86
		{D14D9A17-6376-4D1C-AB9E-8BD5CB0686D8}.Release|x86.Build.0 = Release|x86
		{C4BD9107-B2E0-4A47-ACCC-2399E1CF3DD4}.Debug|Any CPU.ActiveCfg = Debug|Any CPU
		{C4BD9107-B2E0-4A47-ACCC-2399E1CF3DD4}.Debug|Any CPU.Build.0 = Debug|Any CPU
		{C4BD9107-B2E0-4A47-ACCC-2399E1CF3DD4}.Debug|ARM.ActiveCfg = Debug|ARM
		{C4BD9107-B2E0-4A47-ACCC-2399E1CF3DD4}.Debug|ARM.Build.0 = Debug|ARM
		{C4BD9107-B2E0-4A47-ACCC-2399E1CF3DD4}.Debug|ARM64.ActiveCfg = Debug|ARM64
		{C4BD9107-B2E0-4A47-ACCC-2399E1CF3DD4}.Debug|ARM64.Build.0 = Debug|ARM64
		{C4BD9107-B2E0-4A47-ACCC-2399E1CF3DD4}.Debug|x64.ActiveCfg = Debug|x64
		{C4BD9107-B2E0-4A47-ACCC-2399E1CF3DD4}.Debug|x64.Build.0 = Debug|x64
		{C4BD9107-B2E0-4A47-ACCC-2399E1CF3DD4}.Debug|x86.ActiveCfg = Debug|x86
		{C4BD9107-B2E0-4A47-ACCC-2399E1CF3DD4}.Debug|x86.Build.0 = Debug|x86
		{C4BD9107-B2E0-4A47-ACCC-2399E1CF3DD4}.Release|Any CPU.ActiveCfg = Release|Any CPU
		{C4BD9107-B2E0-4A47-ACCC-2399E1CF3DD4}.Release|Any CPU.Build.0 = Release|Any CPU
		{C4BD9107-B2E0-4A47-ACCC-2399E1CF3DD4}.Release|ARM.ActiveCfg = Release|ARM
		{C4BD9107-B2E0-4A47-ACCC-2399E1CF3DD4}.Release|ARM.Build.0 = Release|ARM
		{C4BD9107-B2E0-4A47-ACCC-2399E1CF3DD4}.Release|ARM64.ActiveCfg = Release|ARM64
		{C4BD9107-B2E0-4A47-ACCC-2399E1CF3DD4}.Release|ARM64.Build.0 = Release|ARM64
		{C4BD9107-B2E0-4A47-ACCC-2399E1CF3DD4}.Release|x64.ActiveCfg = Release|x64
		{C4BD9107-B2E0-4A47-ACCC-2399E1CF3DD4}.Release|x64.Build.0 = Release|x64
		{C4BD9107-B2E0-4A47-ACCC-2399E1CF3DD4}.Release|x86.ActiveCfg = Release|x86
		{C4BD9107-B2E0-4A47-ACCC-2399E1CF3DD4}.Release|x86.Build.0 = Release|x86
		{B46DB974-7CA2-491A-8E87-C4B2AAB67878}.Debug|Any CPU.ActiveCfg = Debug|x86
		{B46DB974-7CA2-491A-8E87-C4B2AAB67878}.Debug|Any CPU.Build.0 = Debug|x86
		{B46DB974-7CA2-491A-8E87-C4B2AAB67878}.Debug|Any CPU.Deploy.0 = Debug|x86
		{B46DB974-7CA2-491A-8E87-C4B2AAB67878}.Debug|ARM.ActiveCfg = Debug|ARM
		{B46DB974-7CA2-491A-8E87-C4B2AAB67878}.Debug|ARM.Build.0 = Debug|ARM
		{B46DB974-7CA2-491A-8E87-C4B2AAB67878}.Debug|ARM.Deploy.0 = Debug|ARM
		{B46DB974-7CA2-491A-8E87-C4B2AAB67878}.Debug|ARM64.ActiveCfg = Debug|ARM64
		{B46DB974-7CA2-491A-8E87-C4B2AAB67878}.Debug|ARM64.Build.0 = Debug|ARM64
		{B46DB974-7CA2-491A-8E87-C4B2AAB67878}.Debug|ARM64.Deploy.0 = Debug|ARM64
		{B46DB974-7CA2-491A-8E87-C4B2AAB67878}.Debug|x64.ActiveCfg = Debug|x64
		{B46DB974-7CA2-491A-8E87-C4B2AAB67878}.Debug|x64.Build.0 = Debug|x64
		{B46DB974-7CA2-491A-8E87-C4B2AAB67878}.Debug|x64.Deploy.0 = Debug|x64
		{B46DB974-7CA2-491A-8E87-C4B2AAB67878}.Debug|x86.ActiveCfg = Debug|x86
		{B46DB974-7CA2-491A-8E87-C4B2AAB67878}.Debug|x86.Build.0 = Debug|x86
		{B46DB974-7CA2-491A-8E87-C4B2AAB67878}.Debug|x86.Deploy.0 = Debug|x86
		{B46DB974-7CA2-491A-8E87-C4B2AAB67878}.Release|Any CPU.ActiveCfg = Release|x86
		{B46DB974-7CA2-491A-8E87-C4B2AAB67878}.Release|ARM.ActiveCfg = Release|ARM
		{B46DB974-7CA2-491A-8E87-C4B2AAB67878}.Release|ARM.Build.0 = Release|ARM
		{B46DB974-7CA2-491A-8E87-C4B2AAB67878}.Release|ARM.Deploy.0 = Release|ARM
		{B46DB974-7CA2-491A-8E87-C4B2AAB67878}.Release|ARM64.ActiveCfg = Release|ARM64
		{B46DB974-7CA2-491A-8E87-C4B2AAB67878}.Release|ARM64.Build.0 = Release|ARM64
		{B46DB974-7CA2-491A-8E87-C4B2AAB67878}.Release|ARM64.Deploy.0 = Release|ARM64
		{B46DB974-7CA2-491A-8E87-C4B2AAB67878}.Release|x64.ActiveCfg = Release|x64
		{B46DB974-7CA2-491A-8E87-C4B2AAB67878}.Release|x64.Build.0 = Release|x64
		{B46DB974-7CA2-491A-8E87-C4B2AAB67878}.Release|x64.Deploy.0 = Release|x64
		{B46DB974-7CA2-491A-8E87-C4B2AAB67878}.Release|x86.ActiveCfg = Release|x86
		{B46DB974-7CA2-491A-8E87-C4B2AAB67878}.Release|x86.Build.0 = Release|x86
		{B46DB974-7CA2-491A-8E87-C4B2AAB67878}.Release|x86.Deploy.0 = Release|x86
	EndGlobalSection
	GlobalSection(SolutionProperties) = preSolution
		HideSolutionNode = FALSE
	EndGlobalSection
	GlobalSection(NestedProjects) = preSolution
		{BE9D3A19-D996-4217-A76C-7EE9491A54B4} = {CEFED1A6-E9B0-446B-97A5-D194F6A4BB8A}
	EndGlobalSection
	GlobalSection(ExtensibilityGlobals) = postSolution
		SolutionGuid = {0DF71509-32E5-461C-BD7A-5861A7A06D84}
	EndGlobalSection
	GlobalSection(TeamFoundationVersionControl) = preSolution
		SccNumberOfProjects = 8
		SccEnterpriseProvider = {4CA58AB2-18FA-4F8D-95D4-32DDF27D184C}
		SccTeamFoundationServer = https://goid.visualstudio.com/
		SccLocalPath0 = .
		SccProjectUniqueName1 = ISUF.Base\\ISUF.Base.csproj
		SccProjectName1 = ISUF.Base
		SccLocalPath1 = ISUF.Base
		SccProjectUniqueName2 = ISUF.Interface\\ISUF.Interface.csproj
		SccProjectName2 = ISUF.Interface
		SccLocalPath2 = ISUF.Interface
		SccProjectUniqueName3 = ISUF.Security\\ISUF.Security.csproj
		SccProjectName3 = ISUF.Security
		SccLocalPath3 = ISUF.Security
		SccProjectUniqueName4 = ISUF.Storage\\ISUF.Storage.csproj
		SccProjectName4 = ISUF.Storage
		SccLocalPath4 = ISUF.Storage
		SccProjectUniqueName5 = ISUF.Tests\\ISUF.Tests.csproj
		SccProjectName5 = ISUF.Tests
		SccLocalPath5 = ISUF.Tests
		SccProjectUniqueName6 = ISUF.UI\\ISUF.UI.csproj
		SccProjectName6 = ISUF.UI
		SccLocalPath6 = ISUF.UI
		SccProjectUniqueName7 = ISUF.Win10\\ISUF.Win10.csproj
		SccProjectName7 = ISUF.Win10
		SccLocalPath7 = ISUF.Win10
	EndGlobalSection
EndGlobal
